
Microsoft Visual Studio Solution File, Format Version 12.00
# Visual Studio 2013
VisualStudioVersion = 12.0.30723.0
MinimumVisualStudioVersion = 10.0.40219.1
Project("{8BC9CEB8-8B4A-11D0-8D11-00A0C91BC942}") = "Provider1", "Provider1\Provider1.vcxproj", "{0CA1B674-8E2D-467A-8B39-0CEE6A33DD00}"
EndProject
Project("{8BC9CEB8-8B4A-11D0-8D11-00A0C91BC942}") = "Provider0", "Provider0\Provider0.vcxproj", "{B30ACFB0-B97D-4962-B9E7-0BE22E812C1B}"
EndProject
Project("{8BC9CEB8-8B4A-11D0-8D11-00A0C91BC942}") = "Controller1", "Controller1\Controller1.vcxproj", "{9A07D699-1B3D-4871-AB6A-7B4F3B111C38}"
	ProjectSection(ProjectDependencies) = postProject
		{B30ACFB0-B97D-4962-B9E7-0BE22E812C1B} = {B30ACFB0-B97D-4962-B9E7-0BE22E812C1B}
	EndProjectSection
EndProject
Project("{2150E333-8FDC-42A3-9474-1A3956D46DE8}") = "Solution Items", "Solution Items", "{E4F51148-1F64-47EE-9E96-3410BF458203}"
	ProjectSection(SolutionItems) = preProject
		LICENSE.txt = LICENSE.txt
	EndProjectSection
EndProject
Project("{8BC9CEB8-8B4A-11D0-8D11-00A0C91BC942}") = "Consumer1", "Consumer1\Consumer1.vcxproj", "{2E2C2BF8-A72A-46CE-A33C-87E56DD8243C}"
	ProjectSection(ProjectDependencies) = postProject
		{B30ACFB0-B97D-4962-B9E7-0BE22E812C1B} = {B30ACFB0-B97D-4962-B9E7-0BE22E812C1B}
	EndProjectSection
EndProject
Project("{8BC9CEB8-8B4A-11D0-8D11-00A0C91BC942}") = "Controller2", "Controller2\Controller2.vcxproj", "{46D494D7-01B5-4D0C-A597-C913D1199060}"
	ProjectSection(ProjectDependencies) = postProject
		{B30ACFB0-B97D-4962-B9E7-0BE22E812C1B} = {B30ACFB0-B97D-4962-B9E7-0BE22E812C1B}
	EndProjectSection
EndProject
Project("{8BC9CEB8-8B4A-11D0-8D11-00A0C91BC942}") = "Consumer2", "Consumer2\Consumer2.vcxproj", "{978841B4-52B9-4913-95FC-2F2EAC6BABC5}"
	ProjectSection(ProjectDependencies) = postProject
		{B30ACFB0-B97D-4962-B9E7-0BE22E812C1B} = {B30ACFB0-B97D-4962-B9E7-0BE22E812C1B}
	EndProjectSection
EndProject
Global
	GlobalSection(SolutionConfigurationPlatforms) = preSolution
		Debug|Win32 = Debug|Win32
		Release|Win32 = Release|Win32
	EndGlobalSection
	GlobalSection(ProjectConfigurationPlatforms) = postSolution
		{0CA1B674-8E2D-467A-8B39-0CEE6A33DD00}.Debug|Win32.ActiveCfg = Debug|Win32
		{0CA1B674-8E2D-467A-8B39-0CEE6A33DD00}.Debug|Win32.Build.0 = Debug|Win32
		{0CA1B674-8E2D-467A-8B39-0CEE6A33DD00}.Release|Win32.ActiveCfg = Release|Win32
		{0CA1B674-8E2D-467A-8B39-0CEE6A33DD00}.Release|Win32.Build.0 = Release|Win32
		{B30ACFB0-B97D-4962-B9E7-0BE22E812C1B}.Debug|Win32.ActiveCfg = Debug|Win32
		{B30ACFB0-B97D-4962-B9E7-0BE22E812C1B}.Debug|Win32.Build.0 = Debug|Win32
		{B30ACFB0-B97D-4962-B9E7-0BE22E812C1B}.Release|Win32.ActiveCfg = Release|Win32
		{B30ACFB0-B97D-4962-B9E7-0BE22E812C1B}.Release|Win32.Build.0 = Release|Win32
		{9A07D699-1B3D-4871-AB6A-7B4F3B111C38}.Debug|Win32.ActiveCfg = Debug|Win32
		{9A07D699-1B3D-4871-AB6A-7B4F3B111C38}.Debug|Win32.Build.0 = Debug|Win32
		{9A07D699-1B3D-4871-AB6A-7B4F3B111C38}.Release|Win32.ActiveCfg = Release|Win32
		{9A07D699-1B3D-4871-AB6A-7B4F3B111C38}.Release|Win32.Build.0 = Release|Win32
		{2E2C2BF8-A72A-46CE-A33C-87E56DD8243C}.Debug|Win32.ActiveCfg = Debug|Win32
		{2E2C2BF8-A72A-46CE-A33C-87E56DD8243C}.Debug|Win32.Build.0 = Debug|Win32
		{2E2C2BF8-A72A-46CE-A33C-87E56DD8243C}.Release|Win32.ActiveCfg = Release|Win32
		{2E2C2BF8-A72A-46CE-A33C-87E56DD8243C}.Release|Win32.Build.0 = Release|Win32
		{46D494D7-01B5-4D0C-A597-C913D1199060}.Debug|Win32.ActiveCfg = Debug|Win32
		{46D494D7-01B5-4D0C-A597-C913D1199060}.Debug|Win32.Build.0 = Debug|Win32
		{46D494D7-01B5-4D0C-A597-C913D1199060}.Release|Win32.ActiveCfg = Release|Win32
		{46D494D7-01B5-4D0C-A597-C913D1199060}.Release|Win32.Build.0 = Release|Win32
		{978841B4-52B9-4913-95FC-2F2EAC6BABC5}.Debug|Win32.ActiveCfg = Debug|Win32
		{978841B4-52B9-4913-95FC-2F2EAC6BABC5}.Debug|Win32.Build.0 = Debug|Win32
		{978841B4-52B9-4913-95FC-2F2EAC6BABC5}.Release|Win32.ActiveCfg = Release|Win32
		{978841B4-52B9-4913-95FC-2F2EAC6BABC5}.Release|Win32.Build.0 = Release|Win32
	EndGlobalSection
	GlobalSection(SolutionProperties) = preSolution
		HideSolutionNode = FALSE
	EndGlobalSection
EndGlobal
